
Microsoft Visual Studio Solution File, Format Version 12.00
# Visual Studio Version 17
VisualStudioVersion = 17.14.36221.1 d17.14
MinimumVisualStudioVersion = 10.0.40219.1
Project("{FAE04EC0-301F-11D3-BF4B-00C04F79EFBC}") = "BulkRecordUpdater", "BulkRecordUpdater.csproj", "{C5A5A474-86F9-452F-89ED-D8D7AAD424AA}"
EndProject
Global
	GlobalSection(SolutionConfigurationPlatforms) = preSolution
		Debug|Any CPU = Debug|Any CPU
		Release|Any CPU = Release|Any CPU
	EndGlobalSection
	GlobalSection(ProjectConfigurationPlatforms) = postSolution
		{C5A5A474-86F9-452F-89ED-D8D7AAD424AA}.Debug|Any CPU.ActiveCfg = Debug|Any CPU
		{C5A5A474-86F9-452F-89ED-D8D7AAD424AA}.Debug|Any CPU.Build.0 = Debug|Any CPU
		{C5A5A474-86F9-452F-89ED-D8D7AAD424AA}.Release|Any CPU.ActiveCfg = Release|Any CPU
		{C5A5A474-86F9-452F-89ED-D8D7AAD424AA}.Release|Any CPU.Build.0 = Release|Any CPU
	EndGlobalSection
	GlobalSection(SolutionProperties) = preSolution
		HideSolutionNode = FALSE
	EndGlobalSection
	GlobalSection(ExtensibilityGlobals) = postSolution
		SolutionGuid = {34A9FD3A-A400-4B24-9F59-51F81E37A114}
	EndGlobalSection
EndGlobal
